
Microsoft Visual Studio Solution File, Format Version 12.00
# Visual Studio Version 17
VisualStudioVersion = 17.3.32819.101
MinimumVisualStudioVersion = 10.0.40219.1
Project("{FAE04EC0-301F-11D3-BF4B-00C04F79EFBC}") = "Bai05", "Bai05\Bai05.csproj", "{5237BB6B-20D5-41CD-AF33-42AA17DF0C0B}"
EndProject
Global
	GlobalSection(SolutionConfigurationPlatforms) = preSolution
		Debug|Any CPU = Debug|Any CPU
		Release|Any CPU = Release|Any CPU
	EndGlobalSection
	GlobalSection(ProjectConfigurationPlatforms) = postSolution
		{5237BB6B-20D5-41CD-AF33-42AA17DF0C0B}.Debug|Any CPU.ActiveCfg = Debug|Any CPU
		{5237BB6B-20D5-41CD-AF33-42AA17DF0C0B}.Debug|Any CPU.Build.0 = Debug|Any CPU
		{5237BB6B-20D5-41CD-AF33-42AA17DF0C0B}.Release|Any CPU.ActiveCfg = Release|Any CPU
		{5237BB6B-20D5-41CD-AF33-42AA17DF0C0B}.Release|Any CPU.Build.0 = Release|Any CPU
	EndGlobalSection
	GlobalSection(SolutionProperties) = preSolution
		HideSolutionNode = FALSE
	EndGlobalSection
	GlobalSection(ExtensibilityGlobals) = postSolution
		SolutionGuid = {C5C48D60-BD51-4D10-8477-82C60BA50FF0}
	EndGlobalSection
EndGlobal
