
Microsoft Visual Studio Solution File, Format Version 12.00
# Visual Studio Version 17
VisualStudioVersion = 17.3.32819.101
MinimumVisualStudioVersion = 10.0.40219.1
Project("{FAE04EC0-301F-11D3-BF4B-00C04F79EFBC}") = "Bai02", "Bai02\Bai02.csproj", "{6CA2697C-7FA2-4DAC-B8E9-37ABAFCE616D}"
EndProject
Global
	GlobalSection(SolutionConfigurationPlatforms) = preSolution
		Debug|Any CPU = Debug|Any CPU
		Release|Any CPU = Release|Any CPU
	EndGlobalSection
	GlobalSection(ProjectConfigurationPlatforms) = postSolution
		{6CA2697C-7FA2-4DAC-B8E9-37ABAFCE616D}.Debug|Any CPU.ActiveCfg = Debug|Any CPU
		{6CA2697C-7FA2-4DAC-B8E9-37ABAFCE616D}.Debug|Any CPU.Build.0 = Debug|Any CPU
		{6CA2697C-7FA2-4DAC-B8E9-37ABAFCE616D}.Release|Any CPU.ActiveCfg = Release|Any CPU
		{6CA2697C-7FA2-4DAC-B8E9-37ABAFCE616D}.Release|Any CPU.Build.0 = Release|Any CPU
	EndGlobalSection
	GlobalSection(SolutionProperties) = preSolution
		HideSolutionNode = FALSE
	EndGlobalSection
	GlobalSection(ExtensibilityGlobals) = postSolution
		SolutionGuid = {138561E9-F444-4E6C-885E-D2A2EA51BF87}
	EndGlobalSection
EndGlobal
